
Microsoft Visual Studio Solution File, Format Version 12.00
# Visual Studio Version 16
VisualStudioVersion = 16.0.30517.126
MinimumVisualStudioVersion = 10.0.40219.1
Project("{FAE04EC0-301F-11D3-BF4B-00C04F79EFBC}") = "Happy_birthday_Mother.Android", "Happy_birthday_Mother\Happy_birthday_Mother.Android\Happy_birthday_Mother.Android.csproj", "{129BD0B3-55CC-4A7E-9A27-A36A2EFE6B69}"
EndProject
Project("{FAE04EC0-301F-11D3-BF4B-00C04F79EFBC}") = "Happy_birthday_Mother.iOS", "Happy_birthday_Mother\Happy_birthday_Mother.iOS\Happy_birthday_Mother.iOS.csproj", "{67B5B439-4317-4CBB-9A71-D9C3F533044E}"
EndProject
Project("{FAE04EC0-301F-11D3-BF4B-00C04F79EFBC}") = "Happy_birthday_Mother", "Happy_birthday_Mother\Happy_birthday_Mother\Happy_birthday_Mother.csproj", "{76086006-6EF4-4DBC-ADF9-6C188D875C7C}"
EndProject
Global
	GlobalSection(SolutionConfigurationPlatforms) = preSolution
		Debug|Any CPU = Debug|Any CPU
		Debug|iPhone = Debug|iPhone
		Debug|iPhoneSimulator = Debug|iPhoneSimulator
		Release|Any CPU = Release|Any CPU
		Release|iPhone = Release|iPhone
		Release|iPhoneSimulator = Release|iPhoneSimulator
	EndGlobalSection
	GlobalSection(ProjectConfigurationPlatforms) = postSolution
		{129BD0B3-55CC-4A7E-9A27-A36A2EFE6B69}.Debug|Any CPU.ActiveCfg = Debug|Any CPU
		{129BD0B3-55CC-4A7E-9A27-A36A2EFE6B69}.Debug|Any CPU.Build.0 = Debug|Any CPU
		{129BD0B3-55CC-4A7E-9A27-A36A2EFE6B69}.Debug|Any CPU.Deploy.0 = Debug|Any CPU
		{129BD0B3-55CC-4A7E-9A27-A36A2EFE6B69}.Debug|iPhone.ActiveCfg = Debug|Any CPU
		{129BD0B3-55CC-4A7E-9A27-A36A2EFE6B69}.Debug|iPhone.Build.0 = Debug|Any CPU
		{129BD0B3-55CC-4A7E-9A27-A36A2EFE6B69}.Debug|iPhone.Deploy.0 = Debug|Any CPU
		{129BD0B3-55CC-4A7E-9A27-A36A2EFE6B69}.Debug|iPhoneSimulator.ActiveCfg = Debug|Any CPU
		{129BD0B3-55CC-4A7E-9A27-A36A2EFE6B69}.Debug|iPhoneSimulator.Build.0 = Debug|Any CPU
		{129BD0B3-55CC-4A7E-9A27-A36A2EFE6B69}.Debug|iPhoneSimulator.Deploy.0 = Debug|Any CPU
		{129BD0B3-55CC-4A7E-9A27-A36A2EFE6B69}.Release|Any CPU.ActiveCfg = Release|Any CPU
		{129BD0B3-55CC-4A7E-9A27-A36A2EFE6B69}.Release|Any CPU.Build.0 = Release|Any CPU
		{129BD0B3-55CC-4A7E-9A27-A36A2EFE6B69}.Release|Any CPU.Deploy.0 = Release|Any CPU
		{129BD0B3-55CC-4A7E-9A27-A36A2EFE6B69}.Release|iPhone.ActiveCfg = Release|Any CPU
		{129BD0B3-55CC-4A7E-9A27-A36A2EFE6B69}.Release|iPhone.Build.0 = Release|Any CPU
		{129BD0B3-55CC-4A7E-9A27-A36A2EFE6B69}.Release|iPhone.Deploy.0 = Release|Any CPU
		{129BD0B3-55CC-4A7E-9A27-A36A2EFE6B69}.Release|iPhoneSimulator.ActiveCfg = Release|Any CPU
		{129BD0B3-55CC-4A7E-9A27-A36A2EFE6B69}.Release|iPhoneSimulator.Build.0 = Release|Any CPU
		{129BD0B3-55CC-4A7E-9A27-A36A2EFE6B69}.Release|iPhoneSimulator.Deploy.0 = Release|Any CPU
		{67B5B439-4317-4CBB-9A71-D9C3F533044E}.Debug|Any CPU.ActiveCfg = Debug|iPhone
		{67B5B439-4317-4CBB-9A71-D9C3F533044E}.Debug|Any CPU.Build.0 = Debug|iPhone
		{67B5B439-4317-4CBB-9A71-D9C3F533044E}.Debug|Any CPU.Deploy.0 = Debug|iPhone
		{67B5B439-4317-4CBB-9A71-D9C3F533044E}.Debug|iPhone.ActiveCfg = Debug|iPhone
		{67B5B439-4317-4CBB-9A71-D9C3F533044E}.Debug|iPhone.Build.0 = Debug|iPhone
		{67B5B439-4317-4CBB-9A71-D9C3F533044E}.Debug|iPhone.Deploy.0 = Debug|iPhone
		{67B5B439-4317-4CBB-9A71-D9C3F533044E}.Debug|iPhoneSimulator.ActiveCfg = Debug|iPhoneSimulator
		{67B5B439-4317-4CBB-9A71-D9C3F533044E}.Debug|iPhoneSimulator.Build.0 = Debug|iPhoneSimulator
		{67B5B439-4317-4CBB-9A71-D9C3F533044E}.Debug|iPhoneSimulator.Deploy.0 = Debug|iPhoneSimulator
		{67B5B439-4317-4CBB-9A71-D9C3F533044E}.Release|Any CPU.ActiveCfg = Release|iPhoneSimulator
		{67B5B439-4317-4CBB-9A71-D9C3F533044E}.Release|Any CPU.Build.0 = Release|iPhoneSimulator
		{67B5B439-4317-4CBB-9A71-D9C3F533044E}.Release|Any CPU.Deploy.0 = Release|iPhoneSimulator
		{67B5B439-4317-4CBB-9A71-D9C3F533044E}.Release|iPhone.ActiveCfg = Release|iPhone
		{67B5B439-4317-4CBB-9A71-D9C3F533044E}.Release|iPhone.Build.0 = Release|iPhone
		{67B5B439-4317-4CBB-9A71-D9C3F533044E}.Release|iPhone.Deploy.0 = Release|iPhone
		{67B5B439-4317-4CBB-9A71-D9C3F533044E}.Release|iPhoneSimulator.ActiveCfg = Release|iPhoneSimulator
		{67B5B439-4317-4CBB-9A71-D9C3F533044E}.Release|iPhoneSimulator.Build.0 = Release|iPhoneSimulator
		{67B5B439-4317-4CBB-9A71-D9C3F533044E}.Release|iPhoneSimulator.Deploy.0 = Release|iPhoneSimulator
		{76086006-6EF4-4DBC-ADF9-6C188D875C7C}.Debug|Any CPU.ActiveCfg = Debug|Any CPU
		{76086006-6EF4-4DBC-ADF9-6C188D875C7C}.Debug|Any CPU.Build.0 = Debug|Any CPU
		{76086006-6EF4-4DBC-ADF9-6C188D875C7C}.Debug|Any CPU.Deploy.0 = Debug|Any CPU
		{76086006-6EF4-4DBC-ADF9-6C188D875C7C}.Debug|iPhone.ActiveCfg = Debug|Any CPU
		{76086006-6EF4-4DBC-ADF9-6C188D875C7C}.Debug|iPhone.Build.0 = Debug|Any CPU
		{76086006-6EF4-4DBC-ADF9-6C188D875C7C}.Debug|iPhone.Deploy.0 = Debug|Any CPU
		{76086006-6EF4-4DBC-ADF9-6C188D875C7C}.Debug|iPhoneSimulator.ActiveCfg = Debug|Any CPU
		{76086006-6EF4-4DBC-ADF9-6C188D875C7C}.Debug|iPhoneSimulator.Build.0 = Debug|Any CPU
		{76086006-6EF4-4DBC-ADF9-6C188D875C7C}.Debug|iPhoneSimulator.Deploy.0 = Debug|Any CPU
		{76086006-6EF4-4DBC-ADF9-6C188D875C7C}.Release|Any CPU.ActiveCfg = Release|Any CPU
		{76086006-6EF4-4DBC-ADF9-6C188D875C7C}.Release|Any CPU.Build.0 = Release|Any CPU
		{76086006-6EF4-4DBC-ADF9-6C188D875C7C}.Release|Any CPU.Deploy.0 = Release|Any CPU
		{76086006-6EF4-4DBC-ADF9-6C188D875C7C}.Release|iPhone.ActiveCfg = Release|Any CPU
		{76086006-6EF4-4DBC-ADF9-6C188D875C7C}.Release|iPhone.Build.0 = Release|Any CPU
		{76086006-6EF4-4DBC-ADF9-6C188D875C7C}.Release|iPhone.Deploy.0 = Release|Any CPU
		{76086006-6EF4-4DBC-ADF9-6C188D875C7C}.Release|iPhoneSimulator.ActiveCfg = Release|Any CPU
		{76086006-6EF4-4DBC-ADF9-6C188D875C7C}.Release|iPhoneSimulator.Build.0 = Release|Any CPU
		{76086006-6EF4-4DBC-ADF9-6C188D875C7C}.Release|iPhoneSimulator.Deploy.0 = Release|Any CPU
	EndGlobalSection
	GlobalSection(SolutionProperties) = preSolution
		HideSolutionNode = FALSE
	EndGlobalSection
	GlobalSection(ExtensibilityGlobals) = postSolution
		SolutionGuid = {42A97294-E57D-4E18-99D8-E62A89902ABC}
	EndGlobalSection
EndGlobal
